
Microsoft Visual Studio Solution File, Format Version 12.00
# Visual Studio 15
VisualStudioVersion = 15.0.34112.143
MinimumVisualStudioVersion = 10.0.40219.1
Project("{8BC9CEB8-8B4A-11D0-8D11-00A0C91BC942}") = "MTEOEHook", "MTEOEHook.vcxproj", "{49ECE8DF-4D8B-42DC-B23B-2BD424184EE0}"
EndProject
Project("{8BC9CEB8-8B4A-11D0-8D11-00A0C91BC942}") = "MTEOEMPServer", "MTEOEMPServer\MTEOEMPServer.vcxproj", "{19925AD8-A7AB-4D66-B6E0-93C9CCF67F73}"
EndProject
Project("{FAE04EC0-301F-11D3-BF4B-00C04F79EFBC}") = "MTEOEMPLauncher", "MTEOEMPLauncher\MTEOEMPLauncher.csproj", "{F19DE073-DD47-48D5-8134-BF1BBD6FCD41}"
EndProject
Global
	GlobalSection(SolutionConfigurationPlatforms) = preSolution
		D3D8 Debug|Any CPU = D3D8 Debug|Any CPU
		D3D8 Debug|x64 = D3D8 Debug|x64
		D3D8 Debug|x86 = D3D8 Debug|x86
		D3D8 Metrics|Any CPU = D3D8 Metrics|Any CPU
		D3D8 Metrics|x64 = D3D8 Metrics|x64
		D3D8 Metrics|x86 = D3D8 Metrics|x86
		D3D8 Release|Any CPU = D3D8 Release|Any CPU
		D3D8 Release|x64 = D3D8 Release|x64
		D3D8 Release|x86 = D3D8 Release|x86
		D3D9 Debug|Any CPU = D3D9 Debug|Any CPU
		D3D9 Debug|x64 = D3D9 Debug|x64
		D3D9 Debug|x86 = D3D9 Debug|x86
		D3D9 Metrics|Any CPU = D3D9 Metrics|Any CPU
		D3D9 Metrics|x64 = D3D9 Metrics|x64
		D3D9 Metrics|x86 = D3D9 Metrics|x86
		D3D9 Release|Any CPU = D3D9 Release|Any CPU
		D3D9 Release|x64 = D3D9 Release|x64
		D3D9 Release|x86 = D3D9 Release|x86
		Debug|Any CPU = Debug|Any CPU
		Debug|x64 = Debug|x64
		Debug|x86 = Debug|x86
		OGL Debug|Any CPU = OGL Debug|Any CPU
		OGL Debug|x64 = OGL Debug|x64
		OGL Debug|x86 = OGL Debug|x86
		OGL Metrics|Any CPU = OGL Metrics|Any CPU
		OGL Metrics|x64 = OGL Metrics|x64
		OGL Metrics|x86 = OGL Metrics|x86
		OGL Release|Any CPU = OGL Release|Any CPU
		OGL Release|x64 = OGL Release|x64
		OGL Release|x86 = OGL Release|x86
		Release|Any CPU = Release|Any CPU
		Release|x64 = Release|x64
		Release|x86 = Release|x86
	EndGlobalSection
	GlobalSection(ProjectConfigurationPlatforms) = postSolution
		{49ECE8DF-4D8B-42DC-B23B-2BD424184EE0}.D3D8 Debug|Any CPU.ActiveCfg = Release|x64
		{49ECE8DF-4D8B-42DC-B23B-2BD424184EE0}.D3D8 Debug|Any CPU.Build.0 = Release|x64
		{49ECE8DF-4D8B-42DC-B23B-2BD424184EE0}.D3D8 Debug|x64.ActiveCfg = Debug|x64
		{49ECE8DF-4D8B-42DC-B23B-2BD424184EE0}.D3D8 Debug|x64.Build.0 = Debug|x64
		{49ECE8DF-4D8B-42DC-B23B-2BD424184EE0}.D3D8 Debug|x86.ActiveCfg = Debug|Win32
		{49ECE8DF-4D8B-42DC-B23B-2BD424184EE0}.D3D8 Debug|x86.Build.0 = Debug|Win32
		{49ECE8DF-4D8B-42DC-B23B-2BD424184EE0}.D3D8 Metrics|Any CPU.ActiveCfg = Release|x64
		{49ECE8DF-4D8B-42DC-B23B-2BD424184EE0}.D3D8 Metrics|Any CPU.Build.0 = Release|x64
		{49ECE8DF-4D8B-42DC-B23B-2BD424184EE0}.D3D8 Metrics|x64.ActiveCfg = Debug|x64
		{49ECE8DF-4D8B-42DC-B23B-2BD424184EE0}.D3D8 Metrics|x64.Build.0 = Debug|x64
		{49ECE8DF-4D8B-42DC-B23B-2BD424184EE0}.D3D8 Metrics|x86.ActiveCfg = Debug|Win32
		{49ECE8DF-4D8B-42DC-B23B-2BD424184EE0}.D3D8 Metrics|x86.Build.0 = Debug|Win32
		{49ECE8DF-4D8B-42DC-B23B-2BD424184EE0}.D3D8 Release|Any CPU.ActiveCfg = Release|x64
		{49ECE8DF-4D8B-42DC-B23B-2BD424184EE0}.D3D8 Release|Any CPU.Build.0 = Release|x64
		{49ECE8DF-4D8B-42DC-B23B-2BD424184EE0}.D3D8 Release|x64.ActiveCfg = Release|x64
		{49ECE8DF-4D8B-42DC-B23B-2BD424184EE0}.D3D8 Release|x64.Build.0 = Release|x64
		{49ECE8DF-4D8B-42DC-B23B-2BD424184EE0}.D3D8 Release|x86.ActiveCfg = Release|Win32
		{49ECE8DF-4D8B-42DC-B23B-2BD424184EE0}.D3D8 Release|x86.Build.0 = Release|Win32
		{49ECE8DF-4D8B-42DC-B23B-2BD424184EE0}.D3D9 Debug|Any CPU.ActiveCfg = Release|x64
		{49ECE8DF-4D8B-42DC-B23B-2BD424184EE0}.D3D9 Debug|Any CPU.Build.0 = Release|x64
		{49ECE8DF-4D8B-42DC-B23B-2BD424184EE0}.D3D9 Debug|x64.ActiveCfg = Debug|x64
		{49ECE8DF-4D8B-42DC-B23B-2BD424184EE0}.D3D9 Debug|x64.Build.0 = Debug|x64
		{49ECE8DF-4D8B-42DC-B23B-2BD424184EE0}.D3D9 Debug|x86.ActiveCfg = Debug|Win32
		{49ECE8DF-4D8B-42DC-B23B-2BD424184EE0}.D3D9 Debug|x86.Build.0 = Debug|Win32
		{49ECE8DF-4D8B-42DC-B23B-2BD424184EE0}.D3D9 Metrics|Any CPU.ActiveCfg = Release|x64
		{49ECE8DF-4D8B-42DC-B23B-2BD424184EE0}.D3D9 Metrics|Any CPU.Build.0 = Release|x64
		{49ECE8DF-4D8B-42DC-B23B-2BD424184EE0}.D3D9 Metrics|x64.ActiveCfg = Debug|x64
		{49ECE8DF-4D8B-42DC-B23B-2BD424184EE0}.D3D9 Metrics|x64.Build.0 = Debug|x64
		{49ECE8DF-4D8B-42DC-B23B-2BD424184EE0}.D3D9 Metrics|x86.ActiveCfg = Debug|Win32
		{49ECE8DF-4D8B-42DC-B23B-2BD424184EE0}.D3D9 Metrics|x86.Build.0 = Debug|Win32
		{49ECE8DF-4D8B-42DC-B23B-2BD424184EE0}.D3D9 Release|Any CPU.ActiveCfg = Release|x64
		{49ECE8DF-4D8B-42DC-B23B-2BD424184EE0}.D3D9 Release|Any CPU.Build.0 = Release|x64
		{49ECE8DF-4D8B-42DC-B23B-2BD424184EE0}.D3D9 Release|x64.ActiveCfg = Release|x64
		{49ECE8DF-4D8B-42DC-B23B-2BD424184EE0}.D3D9 Release|x64.Build.0 = Release|x64
		{49ECE8DF-4D8B-42DC-B23B-2BD424184EE0}.D3D9 Release|x86.ActiveCfg = Release|Win32
		{49ECE8DF-4D8B-42DC-B23B-2BD424184EE0}.D3D9 Release|x86.Build.0 = Release|Win32
		{49ECE8DF-4D8B-42DC-B23B-2BD424184EE0}.Debug|Any CPU.ActiveCfg = Debug|Win32
		{49ECE8DF-4D8B-42DC-B23B-2BD424184EE0}.Debug|x64.ActiveCfg = Debug|x64
		{49ECE8DF-4D8B-42DC-B23B-2BD424184EE0}.Debug|x64.Build.0 = Debug|x64
		{49ECE8DF-4D8B-42DC-B23B-2BD424184EE0}.Debug|x86.ActiveCfg = Debug|Win32
		{49ECE8DF-4D8B-42DC-B23B-2BD424184EE0}.Debug|x86.Build.0 = Debug|Win32
		{49ECE8DF-4D8B-42DC-B23B-2BD424184EE0}.OGL Debug|Any CPU.ActiveCfg = Release|x64
		{49ECE8DF-4D8B-42DC-B23B-2BD424184EE0}.OGL Debug|Any CPU.Build.0 = Release|x64
		{49ECE8DF-4D8B-42DC-B23B-2BD424184EE0}.OGL Debug|x64.ActiveCfg = Debug|x64
		{49ECE8DF-4D8B-42DC-B23B-2BD424184EE0}.OGL Debug|x64.Build.0 = Debug|x64
		{49ECE8DF-4D8B-42DC-B23B-2BD424184EE0}.OGL Debug|x86.ActiveCfg = Debug|Win32
		{49ECE8DF-4D8B-42DC-B23B-2BD424184EE0}.OGL Debug|x86.Build.0 = Debug|Win32
		{49ECE8DF-4D8B-42DC-B23B-2BD424184EE0}.OGL Metrics|Any CPU.ActiveCfg = Release|x64
		{49ECE8DF-4D8B-42DC-B23B-2BD424184EE0}.OGL Metrics|Any CPU.Build.0 = Release|x64
		{49ECE8DF-4D8B-42DC-B23B-2BD424184EE0}.OGL Metrics|x64.ActiveCfg = Release|x64
		{49ECE8DF-4D8B-42DC-B23B-2BD424184EE0}.OGL Metrics|x64.Build.0 = Release|x64
		{49ECE8DF-4D8B-42DC-B23B-2BD424184EE0}.OGL Metrics|x86.ActiveCfg = Release|Win32
		{49ECE8DF-4D8B-42DC-B23B-2BD424184EE0}.OGL Metrics|x86.Build.0 = Release|Win32
		{49ECE8DF-4D8B-42DC-B23B-2BD424184EE0}.OGL Release|Any CPU.ActiveCfg = Release|x64
		{49ECE8DF-4D8B-42DC-B23B-2BD424184EE0}.OGL Release|Any CPU.Build.0 = Release|x64
		{49ECE8DF-4D8B-42DC-B23B-2BD424184EE0}.OGL Release|x64.ActiveCfg = Release|x64
		{49ECE8DF-4D8B-42DC-B23B-2BD424184EE0}.OGL Release|x64.Build.0 = Release|x64
		{49ECE8DF-4D8B-42DC-B23B-2BD424184EE0}.OGL Release|x86.ActiveCfg = Release|Win32
		{49ECE8DF-4D8B-42DC-B23B-2BD424184EE0}.OGL Release|x86.Build.0 = Release|Win32
		{49ECE8DF-4D8B-42DC-B23B-2BD424184EE0}.Release|Any CPU.ActiveCfg = Release|Win32
		{49ECE8DF-4D8B-42DC-B23B-2BD424184EE0}.Release|x64.ActiveCfg = Release|x64
		{49ECE8DF-4D8B-42DC-B23B-2BD424184EE0}.Release|x64.Build.0 = Release|x64
		{49ECE8DF-4D8B-42DC-B23B-2BD424184EE0}.Release|x86.ActiveCfg = Release|Win32
		{49ECE8DF-4D8B-42DC-B23B-2BD424184EE0}.Release|x86.Build.0 = Release|Win32
		{19925AD8-A7AB-4D66-B6E0-93C9CCF67F73}.D3D8 Debug|Any CPU.ActiveCfg = Release|x64
		{19925AD8-A7AB-4D66-B6E0-93C9CCF67F73}.D3D8 Debug|Any CPU.Build.0 = Release|x64
		{19925AD8-A7AB-4D66-B6E0-93C9CCF67F73}.D3D8 Debug|x64.ActiveCfg = Debug|x64
		{19925AD8-A7AB-4D66-B6E0-93C9CCF67F73}.D3D8 Debug|x64.Build.0 = Debug|x64
		{19925AD8-A7AB-4D66-B6E0-93C9CCF67F73}.D3D8 Debug|x86.ActiveCfg = Debug|Win32
		{19925AD8-A7AB-4D66-B6E0-93C9CCF67F73}.D3D8 Debug|x86.Build.0 = Debug|Win32
		{19925AD8-A7AB-4D66-B6E0-93C9CCF67F73}.D3D8 Metrics|Any CPU.ActiveCfg = Release|x64
		{19925AD8-A7AB-4D66-B6E0-93C9CCF67F73}.D3D8 Metrics|Any CPU.Build.0 = Release|x64
		{19925AD8-A7AB-4D66-B6E0-93C9CCF67F73}.D3D8 Metrics|x64.ActiveCfg = Debug|x64
		{19925AD8-A7AB-4D66-B6E0-93C9CCF67F73}.D3D8 Metrics|x64.Build.0 = Debug|x64
		{19925AD8-A7AB-4D66-B6E0-93C9CCF67F73}.D3D8 Metrics|x86.ActiveCfg = Debug|Win32
		{19925AD8-A7AB-4D66-B6E0-93C9CCF67F73}.D3D8 Metrics|x86.Build.0 = Debug|Win32
		{19925AD8-A7AB-4D66-B6E0-93C9CCF67F73}.D3D8 Release|Any CPU.ActiveCfg = Release|x64
		{19925AD8-A7AB-4D66-B6E0-93C9CCF67F73}.D3D8 Release|Any CPU.Build.0 = Release|x64
		{19925AD8-A7AB-4D66-B6E0-93C9CCF67F73}.D3D8 Release|x64.ActiveCfg = Release|x64
		{19925AD8-A7AB-4D66-B6E0-93C9CCF67F73}.D3D8 Release|x64.Build.0 = Release|x64
		{19925AD8-A7AB-4D66-B6E0-93C9CCF67F73}.D3D8 Release|x86.ActiveCfg = Release|Win32
		{19925AD8-A7AB-4D66-B6E0-93C9CCF67F73}.D3D8 Release|x86.Build.0 = Release|Win32
		{19925AD8-A7AB-4D66-B6E0-93C9CCF67F73}.D3D9 Debug|Any CPU.ActiveCfg = Release|x64
		{19925AD8-A7AB-4D66-B6E0-93C9CCF67F73}.D3D9 Debug|Any CPU.Build.0 = Release|x64
		{19925AD8-A7AB-4D66-B6E0-93C9CCF67F73}.D3D9 Debug|x64.ActiveCfg = Debug|x64
		{19925AD8-A7AB-4D66-B6E0-93C9CCF67F73}.D3D9 Debug|x64.Build.0 = Debug|x64
		{19925AD8-A7AB-4D66-B6E0-93C9CCF67F73}.D3D9 Debug|x86.ActiveCfg = Debug|Win32
		{19925AD8-A7AB-4D66-B6E0-93C9CCF67F73}.D3D9 Debug|x86.Build.0 = Debug|Win32
		{19925AD8-A7AB-4D66-B6E0-93C9CCF67F73}.D3D9 Metrics|Any CPU.ActiveCfg = Release|x64
		{19925AD8-A7AB-4D66-B6E0-93C9CCF67F73}.D3D9 Metrics|Any CPU.Build.0 = Release|x64
		{19925AD8-A7AB-4D66-B6E0-93C9CCF67F73}.D3D9 Metrics|x64.ActiveCfg = Debug|x64
		{19925AD8-A7AB-4D66-B6E0-93C9CCF67F73}.D3D9 Metrics|x64.Build.0 = Debug|x64
		{19925AD8-A7AB-4D66-B6E0-93C9CCF67F73}.D3D9 Metrics|x86.ActiveCfg = Debug|Win32
		{19925AD8-A7AB-4D66-B6E0-93C9CCF67F73}.D3D9 Metrics|x86.Build.0 = Debug|Win32
		{19925AD8-A7AB-4D66-B6E0-93C9CCF67F73}.D3D9 Release|Any CPU.ActiveCfg = Release|x64
		{19925AD8-A7AB-4D66-B6E0-93C9CCF67F73}.D3D9 Release|Any CPU.Build.0 = Release|x64
		{19925AD8-A7AB-4D66-B6E0-93C9CCF67F73}.D3D9 Release|x64.ActiveCfg = Release|x64
		{19925AD8-A7AB-4D66-B6E0-93C9CCF67F73}.D3D9 Release|x64.Build.0 = Release|x64
		{19925AD8-A7AB-4D66-B6E0-93C9CCF67F73}.D3D9 Release|x86.ActiveCfg = Release|Win32
		{19925AD8-A7AB-4D66-B6E0-93C9CCF67F73}.D3D9 Release|x86.Build.0 = Release|Win32
		{19925AD8-A7AB-4D66-B6E0-93C9CCF67F73}.Debug|Any CPU.ActiveCfg = Debug|Win32
		{19925AD8-A7AB-4D66-B6E0-93C9CCF67F73}.Debug|x64.ActiveCfg = Debug|x64
		{19925AD8-A7AB-4D66-B6E0-93C9CCF67F73}.Debug|x64.Build.0 = Debug|x64
		{19925AD8-A7AB-4D66-B6E0-93C9CCF67F73}.Debug|x86.ActiveCfg = Debug|Win32
		{19925AD8-A7AB-4D66-B6E0-93C9CCF67F73}.Debug|x86.Build.0 = Debug|Win32
		{19925AD8-A7AB-4D66-B6E0-93C9CCF67F73}.OGL Debug|Any CPU.ActiveCfg = Release|x64
		{19925AD8-A7AB-4D66-B6E0-93C9CCF67F73}.OGL Debug|Any CPU.Build.0 = Release|x64
		{19925AD8-A7AB-4D66-B6E0-93C9CCF67F73}.OGL Debug|x64.ActiveCfg = Debug|x64
		{19925AD8-A7AB-4D66-B6E0-93C9CCF67F73}.OGL Debug|x64.Build.0 = Debug|x64
		{19925AD8-A7AB-4D66-B6E0-93C9CCF67F73}.OGL Debug|x86.ActiveCfg = Debug|Win32
		{19925AD8-A7AB-4D66-B6E0-93C9CCF67F73}.OGL Debug|x86.Build.0 = Debug|Win32
		{19925AD8-A7AB-4D66-B6E0-93C9CCF67F73}.OGL Metrics|Any CPU.ActiveCfg = Release|x64
		{19925AD8-A7AB-4D66-B6E0-93C9CCF67F73}.OGL Metrics|Any CPU.Build.0 = Release|x64
		{19925AD8-A7AB-4D66-B6E0-93C9CCF67F73}.OGL Metrics|x64.ActiveCfg = Release|x64
		{19925AD8-A7AB-4D66-B6E0-93C9CCF67F73}.OGL Metrics|x64.Build.0 = Release|x64
		{19925AD8-A7AB-4D66-B6E0-93C9CCF67F73}.OGL Metrics|x86.ActiveCfg = Release|Win32
		{19925AD8-A7AB-4D66-B6E0-93C9CCF67F73}.OGL Metrics|x86.Build.0 = Release|Win32
		{19925AD8-A7AB-4D66-B6E0-93C9CCF67F73}.OGL Release|Any CPU.ActiveCfg = Release|x64
		{19925AD8-A7AB-4D66-B6E0-93C9CCF67F73}.OGL Release|Any CPU.Build.0 = Release|x64
		{19925AD8-A7AB-4D66-B6E0-93C9CCF67F73}.OGL Release|x64.ActiveCfg = Release|x64
		{19925AD8-A7AB-4D66-B6E0-93C9CCF67F73}.OGL Release|x64.Build.0 = Release|x64
		{19925AD8-A7AB-4D66-B6E0-93C9CCF67F73}.OGL Release|x86.ActiveCfg = Release|Win32
		{19925AD8-A7AB-4D66-B6E0-93C9CCF67F73}.OGL Release|x86.Build.0 = Release|Win32
		{19925AD8-A7AB-4D66-B6E0-93C9CCF67F73}.Release|Any CPU.ActiveCfg = Release|Win32
		{19925AD8-A7AB-4D66-B6E0-93C9CCF67F73}.Release|x64.ActiveCfg = Release|x64
		{19925AD8-A7AB-4D66-B6E0-93C9CCF67F73}.Release|x64.Build.0 = Release|x64
		{19925AD8-A7AB-4D66-B6E0-93C9CCF67F73}.Release|x86.ActiveCfg = Release|Win32
		{19925AD8-A7AB-4D66-B6E0-93C9CCF67F73}.Release|x86.Build.0 = Release|Win32
		{F19DE073-DD47-48D5-8134-BF1BBD6FCD41}.D3D8 Debug|Any CPU.ActiveCfg = Debug|Any CPU
		{F19DE073-DD47-48D5-8134-BF1BBD6FCD41}.D3D8 Debug|Any CPU.Build.0 = Debug|Any CPU
		{F19DE073-DD47-48D5-8134-BF1BBD6FCD41}.D3D8 Debug|x64.ActiveCfg = Debug|Any CPU
		{F19DE073-DD47-48D5-8134-BF1BBD6FCD41}.D3D8 Debug|x64.Build.0 = Debug|Any CPU
		{F19DE073-DD47-48D5-8134-BF1BBD6FCD41}.D3D8 Debug|x86.ActiveCfg = Debug|Any CPU
		{F19DE073-DD47-48D5-8134-BF1BBD6FCD41}.D3D8 Debug|x86.Build.0 = Debug|Any CPU
		{F19DE073-DD47-48D5-8134-BF1BBD6FCD41}.D3D8 Metrics|Any CPU.ActiveCfg = Debug|Any CPU
		{F19DE073-DD47-48D5-8134-BF1BBD6FCD41}.D3D8 Metrics|Any CPU.Build.0 = Debug|Any CPU
		{F19DE073-DD47-48D5-8134-BF1BBD6FCD41}.D3D8 Metrics|x64.ActiveCfg = Debug|Any CPU
		{F19DE073-DD47-48D5-8134-BF1BBD6FCD41}.D3D8 Metrics|x64.Build.0 = Debug|Any CPU
		{F19DE073-DD47-48D5-8134-BF1BBD6FCD41}.D3D8 Metrics|x86.ActiveCfg = Debug|Any CPU
		{F19DE073-DD47-48D5-8134-BF1BBD6FCD41}.D3D8 Metrics|x86.Build.0 = Debug|Any CPU
		{F19DE073-DD47-48D5-8134-BF1BBD6FCD41}.D3D8 Release|Any CPU.ActiveCfg = Release|Any CPU
		{F19DE073-DD47-48D5-8134-BF1BBD6FCD41}.D3D8 Release|Any CPU.Build.0 = Release|Any CPU
		{F19DE073-DD47-48D5-8134-BF1BBD6FCD41}.D3D8 Release|x64.ActiveCfg = Release|Any CPU
		{F19DE073-DD47-48D5-8134-BF1BBD6FCD41}.D3D8 Release|x64.Build.0 = Release|Any CPU
		{F19DE073-DD47-48D5-8134-BF1BBD6FCD41}.D3D8 Release|x86.ActiveCfg = Release|Any CPU
		{F19DE073-DD47-48D5-8134-BF1BBD6FCD41}.D3D8 Release|x86.Build.0 = Release|Any CPU
		{F19DE073-DD47-48D5-8134-BF1BBD6FCD41}.D3D9 Debug|Any CPU.ActiveCfg = Debug|Any CPU
		{F19DE073-DD47-48D5-8134-BF1BBD6FCD41}.D3D9 Debug|Any CPU.Build.0 = Debug|Any CPU
		{F19DE073-DD47-48D5-8134-BF1BBD6FCD41}.D3D9 Debug|x64.ActiveCfg = Debug|Any CPU
		{F19DE073-DD47-48D5-8134-BF1BBD6FCD41}.D3D9 Debug|x64.Build.0 = Debug|Any CPU
		{F19DE073-DD47-48D5-8134-BF1BBD6FCD41}.D3D9 Debug|x86.ActiveCfg = Debug|Any CPU
		{F19DE073-DD47-48D5-8134-BF1BBD6FCD41}.D3D9 Debug|x86.Build.0 = Debug|Any CPU
		{F19DE073-DD47-48D5-8134-BF1BBD6FCD41}.D3D9 Metrics|Any CPU.ActiveCfg = Debug|Any CPU
		{F19DE073-DD47-48D5-8134-BF1BBD6FCD41}.D3D9 Metrics|Any CPU.Build.0 = Debug|Any CPU
		{F19DE073-DD47-48D5-8134-BF1BBD6FCD41}.D3D9 Metrics|x64.ActiveCfg = Debug|Any CPU
		{F19DE073-DD47-48D5-8134-BF1BBD6FCD41}.D3D9 Metrics|x64.Build.0 = Debug|Any CPU
		{F19DE073-DD47-48D5-8134-BF1BBD6FCD41}.D3D9 Metrics|x86.ActiveCfg = Debug|Any CPU
		{F19DE073-DD47-48D5-8134-BF1BBD6FCD41}.D3D9 Metrics|x86.Build.0 = Debug|Any CPU
		{F19DE073-DD47-48D5-8134-BF1BBD6FCD41}.D3D9 Release|Any CPU.ActiveCfg = Release|Any CPU
		{F19DE073-DD47-48D5-8134-BF1BBD6FCD41}.D3D9 Release|Any CPU.Build.0 = Release|Any CPU
		{F19DE073-DD47-48D5-8134-BF1BBD6FCD41}.D3D9 Release|x64.ActiveCfg = Release|Any CPU
		{F19DE073-DD47-48D5-8134-BF1BBD6FCD41}.D3D9 Release|x64.Build.0 = Release|Any CPU
		{F19DE073-DD47-48D5-8134-BF1BBD6FCD41}.D3D9 Release|x86.ActiveCfg = Release|Any CPU
		{F19DE073-DD47-48D5-8134-BF1BBD6FCD41}.D3D9 Release|x86.Build.0 = Release|Any CPU
		{F19DE073-DD47-48D5-8134-BF1BBD6FCD41}.Debug|Any CPU.ActiveCfg = Debug|Any CPU
		{F19DE073-DD47-48D5-8134-BF1BBD6FCD41}.Debug|Any CPU.Build.0 = Debug|Any CPU
		{F19DE073-DD47-48D5-8134-BF1BBD6FCD41}.Debug|x64.ActiveCfg = Debug|Any CPU
		{F19DE073-DD47-48D5-8134-BF1BBD6FCD41}.Debug|x64.Build.0 = Debug|Any CPU
		{F19DE073-DD47-48D5-8134-BF1BBD6FCD41}.Debug|x86.ActiveCfg = Debug|Any CPU
		{F19DE073-DD47-48D5-8134-BF1BBD6FCD41}.Debug|x86.Build.0 = Debug|Any CPU
		{F19DE073-DD47-48D5-8134-BF1BBD6FCD41}.OGL Debug|Any CPU.ActiveCfg = Debug|Any CPU
		{F19DE073-DD47-48D5-8134-BF1BBD6FCD41}.OGL Debug|Any CPU.Build.0 = Debug|Any CPU
		{F19DE073-DD47-48D5-8134-BF1BBD6FCD41}.OGL Debug|x64.ActiveCfg = Debug|Any CPU
		{F19DE073-DD47-48D5-8134-BF1BBD6FCD41}.OGL Debug|x64.Build.0 = Debug|Any CPU
		{F19DE073-DD47-48D5-8134-BF1BBD6FCD41}.OGL Debug|x86.ActiveCfg = Debug|Any CPU
		{F19DE073-DD47-48D5-8134-BF1BBD6FCD41}.OGL Debug|x86.Build.0 = Debug|Any CPU
		{F19DE073-DD47-48D5-8134-BF1BBD6FCD41}.OGL Metrics|Any CPU.ActiveCfg = Release|Any CPU
		{F19DE073-DD47-48D5-8134-BF1BBD6FCD41}.OGL Metrics|Any CPU.Build.0 = Release|Any CPU
		{F19DE073-DD47-48D5-8134-BF1BBD6FCD41}.OGL Metrics|x64.ActiveCfg = Release|Any CPU
		{F19DE073-DD47-48D5-8134-BF1BBD6FCD41}.OGL Metrics|x64.Build.0 = Release|Any CPU
		{F19DE073-DD47-48D5-8134-BF1BBD6FCD41}.OGL Metrics|x86.ActiveCfg = Release|Any CPU
		{F19DE073-DD47-48D5-8134-BF1BBD6FCD41}.OGL Metrics|x86.Build.0 = Release|Any CPU
		{F19DE073-DD47-48D5-8134-BF1BBD6FCD41}.OGL Release|Any CPU.ActiveCfg = Release|Any CPU
		{F19DE073-DD47-48D5-8134-BF1BBD6FCD41}.OGL Release|Any CPU.Build.0 = Release|Any CPU
		{F19DE073-DD47-48D5-8134-BF1BBD6FCD41}.OGL Release|x64.ActiveCfg = Release|Any CPU
		{F19DE073-DD47-48D5-8134-BF1BBD6FCD41}.OGL Release|x64.Build.0 = Release|Any CPU
		{F19DE073-DD47-48D5-8134-BF1BBD6FCD41}.OGL Release|x86.ActiveCfg = Release|Any CPU
		{F19DE073-DD47-48D5-8134-BF1BBD6FCD41}.OGL Release|x86.Build.0 = Release|Any CPU
		{F19DE073-DD47-48D5-8134-BF1BBD6FCD41}.Release|Any CPU.ActiveCfg = Release|Any CPU
		{F19DE073-DD47-48D5-8134-BF1BBD6FCD41}.Release|Any CPU.Build.0 = Release|Any CPU
		{F19DE073-DD47-48D5-8134-BF1BBD6FCD41}.Release|x64.ActiveCfg = Release|Any CPU
		{F19DE073-DD47-48D5-8134-BF1BBD6FCD41}.Release|x64.Build.0 = Release|Any CPU
		{F19DE073-DD47-48D5-8134-BF1BBD6FCD41}.Release|x86.ActiveCfg = Release|Any CPU
		{F19DE073-DD47-48D5-8134-BF1BBD6FCD41}.Release|x86.Build.0 = Release|Any CPU
	EndGlobalSection
	GlobalSection(SolutionProperties) = preSolution
		HideSolutionNode = FALSE
	EndGlobalSection
	GlobalSection(ExtensibilityGlobals) = postSolution
		SolutionGuid = {11A24F8C-5E54-4E5C-AD07-C047C058FC04}
	EndGlobalSection
EndGlobal
